
Microsoft Visual Studio Solution File, Format Version 12.00
# Visual Studio Version 17
VisualStudioVersion = 17.11.35312.102
MinimumVisualStudioVersion = 10.0.40219.1
Project("{FAE04EC0-301F-11D3-BF4B-00C04F79EFBC}") = "IntroductionASPNETCoreMVC", "IntroductionASPNETCoreMVC\IntroductionASPNETCoreMVC.csproj", "{EA526898-C3A4-47FC-BD33-AFE9611C8780}"
EndProject
Global
	GlobalSection(SolutionConfigurationPlatforms) = preSolution
		Debug|Any CPU = Debug|Any CPU
		Release|Any CPU = Release|Any CPU
	EndGlobalSection
	GlobalSection(ProjectConfigurationPlatforms) = postSolution
		{EA526898-C3A4-47FC-BD33-AFE9611C8780}.Debug|Any CPU.ActiveCfg = Debug|Any CPU
		{EA526898-C3A4-47FC-BD33-AFE9611C8780}.Debug|Any CPU.Build.0 = Debug|Any CPU
		{EA526898-C3A4-47FC-BD33-AFE9611C8780}.Release|Any CPU.ActiveCfg = Release|Any CPU
		{EA526898-C3A4-47FC-BD33-AFE9611C8780}.Release|Any CPU.Build.0 = Release|Any CPU
	EndGlobalSection
	GlobalSection(SolutionProperties) = preSolution
		HideSolutionNode = FALSE
	EndGlobalSection
	GlobalSection(ExtensibilityGlobals) = postSolution
		SolutionGuid = {CF621ACE-1D17-48EC-897B-9F9741BEACAD}
	EndGlobalSection
EndGlobal
